package.json
examples/diagnosticsPostV1Diagnostics.example.ts
src/hooks/types.ts
src/hooks/hooks.ts
src/sdk/sdk.ts
src/models/diagnostic-lite.ts
src/models/errors/index.ts
src/models/diagnostics-response.ts
src/models/diagnostics-response-full.ts
.devcontainer/README.md
examples/package.json
src/models/diagnostics-request.ts
src/hooks/index.ts
src/models/index.ts
examples/.env.template
.devcontainer/setup.sh
src/models/diagnostics-response-lite.ts
.npmignore
FUNCTIONS.md
RUNTIMES.md
eslint.config.mjs
jsr.json
src/core.ts
src/index.ts
src/lib/base64.ts
src/lib/config.ts
src/lib/dlv.ts
src/lib/encodings.ts
src/lib/env.ts
src/lib/files.ts
src/lib/http.ts
src/lib/is-plain-object.ts
src/lib/logger.ts
src/lib/matchers.ts
src/lib/primitives.ts
src/lib/retries.ts
src/lib/schemas.ts
src/lib/sdks.ts
src/lib/security.ts
src/lib/url.ts
src/sdk/index.ts
src/models/errors/detent-error.ts
src/models/errors/detent-default-error.ts
src/models/errors/http-client-errors.ts
src/models/errors/response-validation-error.ts
src/models/errors/sdk-validation-error.ts
src/types/async.ts
src/types/blobs.ts
src/types/enums.ts
src/types/fp.ts
src/types/index.ts
src/types/operations.ts
src/types/primitives.ts
src/sdk/diagnostics.ts
src/types/rfcdate.ts
src/types/streams.ts
src/models/detected-tool.ts
src/types/const-date-time.ts
src/types/default-to-zero-value.ts
src/models/diagnostic-summary.ts
src/types/discriminated-union.ts
src/types/smart-union.ts
src/types/unrecognized.ts
tsconfig.json
src/models/errors/error-response.ts
src/models/mode-enum.ts
.devcontainer/devcontainer.json
src/models/diagnostic.ts
src/funcs/diagnostics-post-v1-diagnostics.ts
docs/models/diagnostics-response.md
docs/models/diagnostics-response-full.md
USAGE.md
docs/models/diagnostic-summary.md
docs/models/diagnostic.md
docs/models/severity.md
docs/models/diagnostics-response-lite.md
docs/models/diagnostic-lite.md
docs/models/diagnostics-request.md
docs/lib/utils/retryconfig.md
docs/sdks/diagnostics/README.md
docs/models/mode-enum.md
docs/models/detected-tool.md
docs/models/errors/error-response.md
docs/models/errors/rate-limit-error.md
.gitattributes
src/models/errors/rate-limit-error.ts
examples/README.md
src/models/severity.ts
