speakeasyVersion: 1.698.0
sources:
    Detent API:
        sourceNamespace: detent-api
        sourceRevisionDigest: sha256:12d4a899c2d3947afee2958680cdfea5c0443f257ecbde7ac99f4383eccb94c8
        sourceBlobDigest: sha256:9932cb1728f20dfe58f5170745bf608c4e24012b5f662cb42c519ede43c66bcc
        tags:
            - latest
            - 1.0.0
targets:
    detent:
        source: Detent API
        sourceNamespace: detent-api
        sourceRevisionDigest: sha256:12d4a899c2d3947afee2958680cdfea5c0443f257ecbde7ac99f4383eccb94c8
        sourceBlobDigest: sha256:9932cb1728f20dfe58f5170745bf608c4e24012b5f662cb42c519ede43c66bcc
        codeSamplesNamespace: detent-api-typescript-code-samples
        codeSamplesRevisionDigest: sha256:c649596e8475bc6c5d24d31f7410b4b72ef2d02dad7c2bc0de2baad7d6025918
workflow:
    workflowVersion: 1.0.0
    speakeasyVersion: latest
    sources:
        Detent API:
            inputs:
                - location: https://backend.detent.sh/openapi.json
            output: .speakeasy/out.openapi.yaml
            registry:
                location: registry.speakeasyapi.dev/detent/detent/detent-api
    targets:
        detent:
            target: typescript
            source: Detent API
            codeSamples:
                registry:
                    location: registry.speakeasyapi.dev/detent/detent/detent-api-typescript-code-samples
                labelOverride:
                    fixedValue: Typescript (SDK)
                blocking: false
